
Microsoft Visual Studio Solution File, Format Version 12.00
# Visual Studio 15
VisualStudioVersion = 15.0.26124.0
MinimumVisualStudioVersion = 15.0.26124.0
Project("{FAE04EC0-301F-11D3-BF4B-00C04F79EFBC}") = "Identity.Api", "src\Identity.Api\Identity.Api.csproj", "{D99FF050-C606-4474-A223-5C4396CFF054}"
EndProject
Project("{FAE04EC0-301F-11D3-BF4B-00C04F79EFBC}") = "Identity.Common", "src\Identity.Common\Identity.Common.csproj", "{8A7501A4-F1C6-4CF7-9E5E-1F3598593460}"
EndProject
Project("{FAE04EC0-301F-11D3-BF4B-00C04F79EFBC}") = "Identity.Domain", "src\Identity.Domain\Identity.Domain.csproj", "{E323DF82-C985-4C15-8FF0-EC78CE8CBB97}"
EndProject
Project("{FAE04EC0-301F-11D3-BF4B-00C04F79EFBC}") = "Identity.Infrastructure", "src\Identity.Infrastructure\Identity.Infrastructure.csproj", "{74A1DA3B-D13F-4575-BB1D-594B9F79FA20}"
EndProject
Project("{FAE04EC0-301F-11D3-BF4B-00C04F79EFBC}") = "Identity.Application", "src\Identity.Application\Identity.Application.csproj", "{8D64FACE-89AC-451C-B763-16858C2ED018}"
EndProject
Project("{FAE04EC0-301F-11D3-BF4B-00C04F79EFBC}") = "Identity.Domain.UnitTests", "test\Identity.Domain.UnitTests\Identity.Domain.UnitTests.csproj", "{C1049A47-4BA3-4170-A142-EC49A56522E6}"
EndProject
Project("{FAE04EC0-301F-11D3-BF4B-00C04F79EFBC}") = "Identity.Api.AcceptanceTests", "test\Identity.Api.AcceptanceTests\Identity.Api.AcceptanceTests.csproj", "{E2DA09F6-7B1A-4C8D-8630-23DA594A9E28}"
EndProject
Project("{FAE04EC0-301F-11D3-BF4B-00C04F79EFBC}") = "Identity.TestSdk", "test\Identity.TestSdk\Identity.TestSdk.csproj", "{9397305D-4BF5-4A92-9AB4-02BF2D61BBCD}"
EndProject
Project("{FAE04EC0-301F-11D3-BF4B-00C04F79EFBC}") = "Identity.Cli", "src\Identity.Cli\Identity.Cli.csproj", "{1967E728-5BE7-4BFA-81A0-BDA1B65B993B}"
EndProject
Global
	GlobalSection(SolutionConfigurationPlatforms) = preSolution
		Debug|Any CPU = Debug|Any CPU
		Debug|x64 = Debug|x64
		Debug|x86 = Debug|x86
		Release|Any CPU = Release|Any CPU
		Release|x64 = Release|x64
		Release|x86 = Release|x86
	EndGlobalSection
	GlobalSection(SolutionProperties) = preSolution
		HideSolutionNode = FALSE
	EndGlobalSection
	GlobalSection(ProjectConfigurationPlatforms) = postSolution
		{D99FF050-C606-4474-A223-5C4396CFF054}.Debug|Any CPU.ActiveCfg = Debug|Any CPU
		{D99FF050-C606-4474-A223-5C4396CFF054}.Debug|Any CPU.Build.0 = Debug|Any CPU
		{D99FF050-C606-4474-A223-5C4396CFF054}.Debug|x64.ActiveCfg = Debug|Any CPU
		{D99FF050-C606-4474-A223-5C4396CFF054}.Debug|x64.Build.0 = Debug|Any CPU
		{D99FF050-C606-4474-A223-5C4396CFF054}.Debug|x86.ActiveCfg = Debug|Any CPU
		{D99FF050-C606-4474-A223-5C4396CFF054}.Debug|x86.Build.0 = Debug|Any CPU
		{D99FF050-C606-4474-A223-5C4396CFF054}.Release|Any CPU.ActiveCfg = Release|Any CPU
		{D99FF050-C606-4474-A223-5C4396CFF054}.Release|Any CPU.Build.0 = Release|Any CPU
		{D99FF050-C606-4474-A223-5C4396CFF054}.Release|x64.ActiveCfg = Release|Any CPU
		{D99FF050-C606-4474-A223-5C4396CFF054}.Release|x64.Build.0 = Release|Any CPU
		{D99FF050-C606-4474-A223-5C4396CFF054}.Release|x86.ActiveCfg = Release|Any CPU
		{D99FF050-C606-4474-A223-5C4396CFF054}.Release|x86.Build.0 = Release|Any CPU
		{8A7501A4-F1C6-4CF7-9E5E-1F3598593460}.Debug|Any CPU.ActiveCfg = Debug|Any CPU
		{8A7501A4-F1C6-4CF7-9E5E-1F3598593460}.Debug|Any CPU.Build.0 = Debug|Any CPU
		{8A7501A4-F1C6-4CF7-9E5E-1F3598593460}.Debug|x64.ActiveCfg = Debug|Any CPU
		{8A7501A4-F1C6-4CF7-9E5E-1F3598593460}.Debug|x64.Build.0 = Debug|Any CPU
		{8A7501A4-F1C6-4CF7-9E5E-1F3598593460}.Debug|x86.ActiveCfg = Debug|Any CPU
		{8A7501A4-F1C6-4CF7-9E5E-1F3598593460}.Debug|x86.Build.0 = Debug|Any CPU
		{8A7501A4-F1C6-4CF7-9E5E-1F3598593460}.Release|Any CPU.ActiveCfg = Release|Any CPU
		{8A7501A4-F1C6-4CF7-9E5E-1F3598593460}.Release|Any CPU.Build.0 = Release|Any CPU
		{8A7501A4-F1C6-4CF7-9E5E-1F3598593460}.Release|x64.ActiveCfg = Release|Any CPU
		{8A7501A4-F1C6-4CF7-9E5E-1F3598593460}.Release|x64.Build.0 = Release|Any CPU
		{8A7501A4-F1C6-4CF7-9E5E-1F3598593460}.Release|x86.ActiveCfg = Release|Any CPU
		{8A7501A4-F1C6-4CF7-9E5E-1F3598593460}.Release|x86.Build.0 = Release|Any CPU
		{E323DF82-C985-4C15-8FF0-EC78CE8CBB97}.Debug|Any CPU.ActiveCfg = Debug|Any CPU
		{E323DF82-C985-4C15-8FF0-EC78CE8CBB97}.Debug|Any CPU.Build.0 = Debug|Any CPU
		{E323DF82-C985-4C15-8FF0-EC78CE8CBB97}.Debug|x64.ActiveCfg = Debug|Any CPU
		{E323DF82-C985-4C15-8FF0-EC78CE8CBB97}.Debug|x64.Build.0 = Debug|Any CPU
		{E323DF82-C985-4C15-8FF0-EC78CE8CBB97}.Debug|x86.ActiveCfg = Debug|Any CPU
		{E323DF82-C985-4C15-8FF0-EC78CE8CBB97}.Debug|x86.Build.0 = Debug|Any CPU
		{E323DF82-C985-4C15-8FF0-EC78CE8CBB97}.Release|Any CPU.ActiveCfg = Release|Any CPU
		{E323DF82-C985-4C15-8FF0-EC78CE8CBB97}.Release|Any CPU.Build.0 = Release|Any CPU
		{E323DF82-C985-4C15-8FF0-EC78CE8CBB97}.Release|x64.ActiveCfg = Release|Any CPU
		{E323DF82-C985-4C15-8FF0-EC78CE8CBB97}.Release|x64.Build.0 = Release|Any CPU
		{E323DF82-C985-4C15-8FF0-EC78CE8CBB97}.Release|x86.ActiveCfg = Release|Any CPU
		{E323DF82-C985-4C15-8FF0-EC78CE8CBB97}.Release|x86.Build.0 = Release|Any CPU
		{74A1DA3B-D13F-4575-BB1D-594B9F79FA20}.Debug|Any CPU.ActiveCfg = Debug|Any CPU
		{74A1DA3B-D13F-4575-BB1D-594B9F79FA20}.Debug|Any CPU.Build.0 = Debug|Any CPU
		{74A1DA3B-D13F-4575-BB1D-594B9F79FA20}.Debug|x64.ActiveCfg = Debug|Any CPU
		{74A1DA3B-D13F-4575-BB1D-594B9F79FA20}.Debug|x64.Build.0 = Debug|Any CPU
		{74A1DA3B-D13F-4575-BB1D-594B9F79FA20}.Debug|x86.ActiveCfg = Debug|Any CPU
		{74A1DA3B-D13F-4575-BB1D-594B9F79FA20}.Debug|x86.Build.0 = Debug|Any CPU
		{74A1DA3B-D13F-4575-BB1D-594B9F79FA20}.Release|Any CPU.ActiveCfg = Release|Any CPU
		{74A1DA3B-D13F-4575-BB1D-594B9F79FA20}.Release|Any CPU.Build.0 = Release|Any CPU
		{74A1DA3B-D13F-4575-BB1D-594B9F79FA20}.Release|x64.ActiveCfg = Release|Any CPU
		{74A1DA3B-D13F-4575-BB1D-594B9F79FA20}.Release|x64.Build.0 = Release|Any CPU
		{74A1DA3B-D13F-4575-BB1D-594B9F79FA20}.Release|x86.ActiveCfg = Release|Any CPU
		{74A1DA3B-D13F-4575-BB1D-594B9F79FA20}.Release|x86.Build.0 = Release|Any CPU
		{8D64FACE-89AC-451C-B763-16858C2ED018}.Debug|Any CPU.ActiveCfg = Debug|Any CPU
		{8D64FACE-89AC-451C-B763-16858C2ED018}.Debug|Any CPU.Build.0 = Debug|Any CPU
		{8D64FACE-89AC-451C-B763-16858C2ED018}.Debug|x64.ActiveCfg = Debug|Any CPU
		{8D64FACE-89AC-451C-B763-16858C2ED018}.Debug|x64.Build.0 = Debug|Any CPU
		{8D64FACE-89AC-451C-B763-16858C2ED018}.Debug|x86.ActiveCfg = Debug|Any CPU
		{8D64FACE-89AC-451C-B763-16858C2ED018}.Debug|x86.Build.0 = Debug|Any CPU
		{8D64FACE-89AC-451C-B763-16858C2ED018}.Release|Any CPU.ActiveCfg = Release|Any CPU
		{8D64FACE-89AC-451C-B763-16858C2ED018}.Release|Any CPU.Build.0 = Release|Any CPU
		{8D64FACE-89AC-451C-B763-16858C2ED018}.Release|x64.ActiveCfg = Release|Any CPU
		{8D64FACE-89AC-451C-B763-16858C2ED018}.Release|x64.Build.0 = Release|Any CPU
		{8D64FACE-89AC-451C-B763-16858C2ED018}.Release|x86.ActiveCfg = Release|Any CPU
		{8D64FACE-89AC-451C-B763-16858C2ED018}.Release|x86.Build.0 = Release|Any CPU
		{C1049A47-4BA3-4170-A142-EC49A56522E6}.Debug|Any CPU.ActiveCfg = Debug|Any CPU
		{C1049A47-4BA3-4170-A142-EC49A56522E6}.Debug|Any CPU.Build.0 = Debug|Any CPU
		{C1049A47-4BA3-4170-A142-EC49A56522E6}.Debug|x64.ActiveCfg = Debug|Any CPU
		{C1049A47-4BA3-4170-A142-EC49A56522E6}.Debug|x64.Build.0 = Debug|Any CPU
		{C1049A47-4BA3-4170-A142-EC49A56522E6}.Debug|x86.ActiveCfg = Debug|Any CPU
		{C1049A47-4BA3-4170-A142-EC49A56522E6}.Debug|x86.Build.0 = Debug|Any CPU
		{C1049A47-4BA3-4170-A142-EC49A56522E6}.Release|Any CPU.ActiveCfg = Release|Any CPU
		{C1049A47-4BA3-4170-A142-EC49A56522E6}.Release|Any CPU.Build.0 = Release|Any CPU
		{C1049A47-4BA3-4170-A142-EC49A56522E6}.Release|x64.ActiveCfg = Release|Any CPU
		{C1049A47-4BA3-4170-A142-EC49A56522E6}.Release|x64.Build.0 = Release|Any CPU
		{C1049A47-4BA3-4170-A142-EC49A56522E6}.Release|x86.ActiveCfg = Release|Any CPU
		{C1049A47-4BA3-4170-A142-EC49A56522E6}.Release|x86.Build.0 = Release|Any CPU
		{E2DA09F6-7B1A-4C8D-8630-23DA594A9E28}.Debug|Any CPU.ActiveCfg = Debug|Any CPU
		{E2DA09F6-7B1A-4C8D-8630-23DA594A9E28}.Debug|Any CPU.Build.0 = Debug|Any CPU
		{E2DA09F6-7B1A-4C8D-8630-23DA594A9E28}.Debug|x64.ActiveCfg = Debug|Any CPU
		{E2DA09F6-7B1A-4C8D-8630-23DA594A9E28}.Debug|x64.Build.0 = Debug|Any CPU
		{E2DA09F6-7B1A-4C8D-8630-23DA594A9E28}.Debug|x86.ActiveCfg = Debug|Any CPU
		{E2DA09F6-7B1A-4C8D-8630-23DA594A9E28}.Debug|x86.Build.0 = Debug|Any CPU
		{E2DA09F6-7B1A-4C8D-8630-23DA594A9E28}.Release|Any CPU.ActiveCfg = Release|Any CPU
		{E2DA09F6-7B1A-4C8D-8630-23DA594A9E28}.Release|Any CPU.Build.0 = Release|Any CPU
		{E2DA09F6-7B1A-4C8D-8630-23DA594A9E28}.Release|x64.ActiveCfg = Release|Any CPU
		{E2DA09F6-7B1A-4C8D-8630-23DA594A9E28}.Release|x64.Build.0 = Release|Any CPU
		{E2DA09F6-7B1A-4C8D-8630-23DA594A9E28}.Release|x86.ActiveCfg = Release|Any CPU
		{E2DA09F6-7B1A-4C8D-8630-23DA594A9E28}.Release|x86.Build.0 = Release|Any CPU
		{9397305D-4BF5-4A92-9AB4-02BF2D61BBCD}.Debug|Any CPU.ActiveCfg = Debug|Any CPU
		{9397305D-4BF5-4A92-9AB4-02BF2D61BBCD}.Debug|Any CPU.Build.0 = Debug|Any CPU
		{9397305D-4BF5-4A92-9AB4-02BF2D61BBCD}.Debug|x64.ActiveCfg = Debug|Any CPU
		{9397305D-4BF5-4A92-9AB4-02BF2D61BBCD}.Debug|x64.Build.0 = Debug|Any CPU
		{9397305D-4BF5-4A92-9AB4-02BF2D61BBCD}.Debug|x86.ActiveCfg = Debug|Any CPU
		{9397305D-4BF5-4A92-9AB4-02BF2D61BBCD}.Debug|x86.Build.0 = Debug|Any CPU
		{9397305D-4BF5-4A92-9AB4-02BF2D61BBCD}.Release|Any CPU.ActiveCfg = Release|Any CPU
		{9397305D-4BF5-4A92-9AB4-02BF2D61BBCD}.Release|Any CPU.Build.0 = Release|Any CPU
		{9397305D-4BF5-4A92-9AB4-02BF2D61BBCD}.Release|x64.ActiveCfg = Release|Any CPU
		{9397305D-4BF5-4A92-9AB4-02BF2D61BBCD}.Release|x64.Build.0 = Release|Any CPU
		{9397305D-4BF5-4A92-9AB4-02BF2D61BBCD}.Release|x86.ActiveCfg = Release|Any CPU
		{9397305D-4BF5-4A92-9AB4-02BF2D61BBCD}.Release|x86.Build.0 = Release|Any CPU
		{1967E728-5BE7-4BFA-81A0-BDA1B65B993B}.Debug|Any CPU.ActiveCfg = Debug|Any CPU
		{1967E728-5BE7-4BFA-81A0-BDA1B65B993B}.Debug|Any CPU.Build.0 = Debug|Any CPU
		{1967E728-5BE7-4BFA-81A0-BDA1B65B993B}.Debug|x64.ActiveCfg = Debug|Any CPU
		{1967E728-5BE7-4BFA-81A0-BDA1B65B993B}.Debug|x64.Build.0 = Debug|Any CPU
		{1967E728-5BE7-4BFA-81A0-BDA1B65B993B}.Debug|x86.ActiveCfg = Debug|Any CPU
		{1967E728-5BE7-4BFA-81A0-BDA1B65B993B}.Debug|x86.Build.0 = Debug|Any CPU
		{1967E728-5BE7-4BFA-81A0-BDA1B65B993B}.Release|Any CPU.ActiveCfg = Release|Any CPU
		{1967E728-5BE7-4BFA-81A0-BDA1B65B993B}.Release|Any CPU.Build.0 = Release|Any CPU
		{1967E728-5BE7-4BFA-81A0-BDA1B65B993B}.Release|x64.ActiveCfg = Release|Any CPU
		{1967E728-5BE7-4BFA-81A0-BDA1B65B993B}.Release|x64.Build.0 = Release|Any CPU
		{1967E728-5BE7-4BFA-81A0-BDA1B65B993B}.Release|x86.ActiveCfg = Release|Any CPU
		{1967E728-5BE7-4BFA-81A0-BDA1B65B993B}.Release|x86.Build.0 = Release|Any CPU
	EndGlobalSection
EndGlobal
